
Microsoft Visual Studio Solution File, Format Version 12.00
# Visual Studio Version 17
VisualStudioVersion = 17.5.2.0
MinimumVisualStudioVersion = 10.0.40219.1
Project("{FAE04EC0-301F-11D3-BF4B-00C04F79EFBC}") = "API", "API\API.csproj", "{CBFA08EA-AECE-205F-7B85-326FD0B81BAD}"
EndProject
Project("{FAE04EC0-301F-11D3-BF4B-00C04F79EFBC}") = "API.Tests", "API.Tests\API.Tests.csproj", "{1F35CA41-D0D0-4506-97F5-C5BAD8AE3F76}"
EndProject
Global
	GlobalSection(SolutionConfigurationPlatforms) = preSolution
		Debug|Any CPU = Debug|Any CPU
		Debug|x64 = Debug|x64
		Debug|x86 = Debug|x86
		Release|Any CPU = Release|Any CPU
		Release|x64 = Release|x64
		Release|x86 = Release|x86
	EndGlobalSection
	GlobalSection(ProjectConfigurationPlatforms) = postSolution
		{CBFA08EA-AECE-205F-7B85-326FD0B81BAD}.Debug|Any CPU.ActiveCfg = Debug|Any CPU
		{CBFA08EA-AECE-205F-7B85-326FD0B81BAD}.Debug|Any CPU.Build.0 = Debug|Any CPU
		{CBFA08EA-AECE-205F-7B85-326FD0B81BAD}.Debug|x64.ActiveCfg = Debug|Any CPU
		{CBFA08EA-AECE-205F-7B85-326FD0B81BAD}.Debug|x64.Build.0 = Debug|Any CPU
		{CBFA08EA-AECE-205F-7B85-326FD0B81BAD}.Debug|x86.ActiveCfg = Debug|Any CPU
		{CBFA08EA-AECE-205F-7B85-326FD0B81BAD}.Debug|x86.Build.0 = Debug|Any CPU
		{CBFA08EA-AECE-205F-7B85-326FD0B81BAD}.Release|Any CPU.ActiveCfg = Release|Any CPU
		{CBFA08EA-AECE-205F-7B85-326FD0B81BAD}.Release|Any CPU.Build.0 = Release|Any CPU
		{CBFA08EA-AECE-205F-7B85-326FD0B81BAD}.Release|x64.ActiveCfg = Release|Any CPU
		{CBFA08EA-AECE-205F-7B85-326FD0B81BAD}.Release|x64.Build.0 = Release|Any CPU
		{CBFA08EA-AECE-205F-7B85-326FD0B81BAD}.Release|x86.ActiveCfg = Release|Any CPU
		{CBFA08EA-AECE-205F-7B85-326FD0B81BAD}.Release|x86.Build.0 = Release|Any CPU
		{1F35CA41-D0D0-4506-97F5-C5BAD8AE3F76}.Debug|Any CPU.ActiveCfg = Debug|Any CPU
		{1F35CA41-D0D0-4506-97F5-C5BAD8AE3F76}.Debug|Any CPU.Build.0 = Debug|Any CPU
		{1F35CA41-D0D0-4506-97F5-C5BAD8AE3F76}.Debug|x64.ActiveCfg = Debug|Any CPU
		{1F35CA41-D0D0-4506-97F5-C5BAD8AE3F76}.Debug|x64.Build.0 = Debug|Any CPU
		{1F35CA41-D0D0-4506-97F5-C5BAD8AE3F76}.Debug|x86.ActiveCfg = Debug|Any CPU
		{1F35CA41-D0D0-4506-97F5-C5BAD8AE3F76}.Debug|x86.Build.0 = Debug|Any CPU
		{1F35CA41-D0D0-4506-97F5-C5BAD8AE3F76}.Release|Any CPU.ActiveCfg = Release|Any CPU
		{1F35CA41-D0D0-4506-97F5-C5BAD8AE3F76}.Release|Any CPU.Build.0 = Release|Any CPU
		{1F35CA41-D0D0-4506-97F5-C5BAD8AE3F76}.Release|x64.ActiveCfg = Release|Any CPU
		{1F35CA41-D0D0-4506-97F5-C5BAD8AE3F76}.Release|x64.Build.0 = Release|Any CPU
		{1F35CA41-D0D0-4506-97F5-C5BAD8AE3F76}.Release|x86.ActiveCfg = Release|Any CPU
		{1F35CA41-D0D0-4506-97F5-C5BAD8AE3F76}.Release|x86.Build.0 = Release|Any CPU
	EndGlobalSection
	GlobalSection(SolutionProperties) = preSolution
		HideSolutionNode = FALSE
	EndGlobalSection
	GlobalSection(ExtensibilityGlobals) = postSolution
		SolutionGuid = {4C66761E-D303-4132-8CCA-7BB95D05AD88}
	EndGlobalSection
EndGlobal
